{
  "name": "ajs-library-use",
  "version": "1.0.0",
  "lockfileVersion": 1,
  "requires": true,
  "dependencies": {
    "@kosatos/ajs": {
      "version": "1.0.0",
      "resolved": "https://npm.pkg.github.com/download/@kosatos/ajs/1.0.0/f12d9ce4bc8dbf4441901169d1354733ef4bdacc211a701b35d86e0349c6ec4f",
      "integrity": "sha512-NZQGhwyONFfFACQwhfhp1isYZ0aiRB5AIA1vmUihTuvEDpoAZMksfSw9SI9oTIy4+SuR07hUbfhskc0idiANrw=="
    }
  }
}
